
Microsoft Visual Studio Solution File, Format Version 12.00
# Visual Studio Version 17
VisualStudioVersion = 17.4.33213.308
MinimumVisualStudioVersion = 10.0.40219.1
Project("{2150E333-8FDC-42A3-9474-1A3956D46DE8}") = "AuthorAndBookMaintenance", "AuthorAndBookMaintenance", "{09069910-1920-47B2-A3DB-C693E466DC58}"
EndProject
Project("{2150E333-8FDC-42A3-9474-1A3956D46DE8}") = "ContractBC", "ContractBC", "{13089163-5DAF-4ED6-8612-1600A44C88EE}"
EndProject
Project("{2150E333-8FDC-42A3-9474-1A3956D46DE8}") = "ContractingFrontEndAPI", "ContractingFrontEndAPI", "{3A99286B-C753-4DF8-A71C-DBD85724E52A}"
EndProject
Project("{2150E333-8FDC-42A3-9474-1A3956D46DE8}") = "SharedKernel", "SharedKernel", "{8BDF7529-2C24-4725-956C-5967934119A0}"
EndProject
Project("{9A19103F-16F7-4668-BE54-9A1E7A4F7556}") = "AuthorBook.API", "AuthorBookMaint\API\AuthorBook.API\AuthorBook.API.csproj", "{828E0E37-2178-4189-A12D-98F8B896CE05}"
EndProject
Project("{9A19103F-16F7-4668-BE54-9A1E7A4F7556}") = "AuthorBook.Infrastructure.Data", "AuthorBookMaint\AuthorBook.Infrastructure.Data\AuthorBook.Infrastructure.Data.csproj", "{FAEDCCE9-8BA2-4E69-9BE3-138A2B9DF1B3}"
EndProject
Project("{9A19103F-16F7-4668-BE54-9A1E7A4F7556}") = "AuthorBookBC", "AuthorBookMaint\Domain\AuthorBookBC.csproj", "{CCEC437D-A8FC-418B-AD3D-497A406AE133}"
EndProject
Project("{9A19103F-16F7-4668-BE54-9A1E7A4F7556}") = "IntegrationTests", "AuthorBookMaint\IntegrationTests\IntegrationTests.csproj", "{ABC25C66-CC89-473B-8A40-B7AC27C830A5}"
EndProject
Project("{9A19103F-16F7-4668-BE54-9A1E7A4F7556}") = "UnitTests", "AuthorBookMaint\UnitTests\UnitTests.csproj", "{82EE2AA3-D040-4607-9AC7-C2119DEAC517}"
EndProject
Project("{9A19103F-16F7-4668-BE54-9A1E7A4F7556}") = "PublisherSystem.SharedKernel", "SharedKernel\PublisherSystem.SharedKernel.csproj", "{F7FDFB59-4940-487D-981C-FCAE7A36647B}"
EndProject
Project("{9A19103F-16F7-4668-BE54-9A1E7A4F7556}") = "Domain", "ContractBC\Domain\Domain.csproj", "{C63E8DCD-BB44-4D8D-A2A1-B1446F78B976}"
EndProject
Project("{9A19103F-16F7-4668-BE54-9A1E7A4F7556}") = "Infrastructure.Data", "ContractBC\Infrastructure\Data\Infrastructure.Data.csproj", "{449A8866-F906-4A3D-84FA-5C3A9EFBA4E9}"
EndProject
Project("{9A19103F-16F7-4668-BE54-9A1E7A4F7556}") = "IntegrationTests", "ContractBC\IntegrationTests\IntegrationTests.csproj", "{E7A22581-08B4-4702-93B4-5F1709473AB2}"
EndProject
Project("{9A19103F-16F7-4668-BE54-9A1E7A4F7556}") = "UnitTests", "ContractBC\UnitTests\UnitTests.csproj", "{59009F81-A762-4535-9516-A7D27ADABFA0}"
EndProject
Project("{9A19103F-16F7-4668-BE54-9A1E7A4F7556}") = "ContractingFrontEndAPI", "FrontEndAPI\ContractingFrontEndAPI.csproj", "{766278F9-2208-4C09-BAA3-30CB65F9FCAA}"
EndProject
Global
	GlobalSection(SolutionConfigurationPlatforms) = preSolution
		Debug|Any CPU = Debug|Any CPU
		Release|Any CPU = Release|Any CPU
	EndGlobalSection
	GlobalSection(ProjectConfigurationPlatforms) = postSolution
		{828E0E37-2178-4189-A12D-98F8B896CE05}.Debug|Any CPU.ActiveCfg = Debug|Any CPU
		{828E0E37-2178-4189-A12D-98F8B896CE05}.Debug|Any CPU.Build.0 = Debug|Any CPU
		{828E0E37-2178-4189-A12D-98F8B896CE05}.Release|Any CPU.ActiveCfg = Release|Any CPU
		{828E0E37-2178-4189-A12D-98F8B896CE05}.Release|Any CPU.Build.0 = Release|Any CPU
		{FAEDCCE9-8BA2-4E69-9BE3-138A2B9DF1B3}.Debug|Any CPU.ActiveCfg = Debug|Any CPU
		{FAEDCCE9-8BA2-4E69-9BE3-138A2B9DF1B3}.Debug|Any CPU.Build.0 = Debug|Any CPU
		{FAEDCCE9-8BA2-4E69-9BE3-138A2B9DF1B3}.Release|Any CPU.ActiveCfg = Release|Any CPU
		{FAEDCCE9-8BA2-4E69-9BE3-138A2B9DF1B3}.Release|Any CPU.Build.0 = Release|Any CPU
		{CCEC437D-A8FC-418B-AD3D-497A406AE133}.Debug|Any CPU.ActiveCfg = Debug|Any CPU
		{CCEC437D-A8FC-418B-AD3D-497A406AE133}.Debug|Any CPU.Build.0 = Debug|Any CPU
		{CCEC437D-A8FC-418B-AD3D-497A406AE133}.Release|Any CPU.ActiveCfg = Release|Any CPU
		{CCEC437D-A8FC-418B-AD3D-497A406AE133}.Release|Any CPU.Build.0 = Release|Any CPU
		{ABC25C66-CC89-473B-8A40-B7AC27C830A5}.Debug|Any CPU.ActiveCfg = Debug|Any CPU
		{ABC25C66-CC89-473B-8A40-B7AC27C830A5}.Debug|Any CPU.Build.0 = Debug|Any CPU
		{ABC25C66-CC89-473B-8A40-B7AC27C830A5}.Release|Any CPU.ActiveCfg = Release|Any CPU
		{ABC25C66-CC89-473B-8A40-B7AC27C830A5}.Release|Any CPU.Build.0 = Release|Any CPU
		{82EE2AA3-D040-4607-9AC7-C2119DEAC517}.Debug|Any CPU.ActiveCfg = Debug|Any CPU
		{82EE2AA3-D040-4607-9AC7-C2119DEAC517}.Debug|Any CPU.Build.0 = Debug|Any CPU
		{82EE2AA3-D040-4607-9AC7-C2119DEAC517}.Release|Any CPU.ActiveCfg = Release|Any CPU
		{82EE2AA3-D040-4607-9AC7-C2119DEAC517}.Release|Any CPU.Build.0 = Release|Any CPU
		{F7FDFB59-4940-487D-981C-FCAE7A36647B}.Debug|Any CPU.ActiveCfg = Debug|Any CPU
		{F7FDFB59-4940-487D-981C-FCAE7A36647B}.Debug|Any CPU.Build.0 = Debug|Any CPU
		{F7FDFB59-4940-487D-981C-FCAE7A36647B}.Release|Any CPU.ActiveCfg = Release|Any CPU
		{F7FDFB59-4940-487D-981C-FCAE7A36647B}.Release|Any CPU.Build.0 = Release|Any CPU
		{C63E8DCD-BB44-4D8D-A2A1-B1446F78B976}.Debug|Any CPU.ActiveCfg = Debug|Any CPU
		{C63E8DCD-BB44-4D8D-A2A1-B1446F78B976}.Debug|Any CPU.Build.0 = Debug|Any CPU
		{C63E8DCD-BB44-4D8D-A2A1-B1446F78B976}.Release|Any CPU.ActiveCfg = Release|Any CPU
		{C63E8DCD-BB44-4D8D-A2A1-B1446F78B976}.Release|Any CPU.Build.0 = Release|Any CPU
		{449A8866-F906-4A3D-84FA-5C3A9EFBA4E9}.Debug|Any CPU.ActiveCfg = Debug|Any CPU
		{449A8866-F906-4A3D-84FA-5C3A9EFBA4E9}.Debug|Any CPU.Build.0 = Debug|Any CPU
		{449A8866-F906-4A3D-84FA-5C3A9EFBA4E9}.Release|Any CPU.ActiveCfg = Release|Any CPU
		{449A8866-F906-4A3D-84FA-5C3A9EFBA4E9}.Release|Any CPU.Build.0 = Release|Any CPU
		{E7A22581-08B4-4702-93B4-5F1709473AB2}.Debug|Any CPU.ActiveCfg = Debug|Any CPU
		{E7A22581-08B4-4702-93B4-5F1709473AB2}.Debug|Any CPU.Build.0 = Debug|Any CPU
		{E7A22581-08B4-4702-93B4-5F1709473AB2}.Release|Any CPU.ActiveCfg = Release|Any CPU
		{E7A22581-08B4-4702-93B4-5F1709473AB2}.Release|Any CPU.Build.0 = Release|Any CPU
		{59009F81-A762-4535-9516-A7D27ADABFA0}.Debug|Any CPU.ActiveCfg = Debug|Any CPU
		{59009F81-A762-4535-9516-A7D27ADABFA0}.Debug|Any CPU.Build.0 = Debug|Any CPU
		{59009F81-A762-4535-9516-A7D27ADABFA0}.Release|Any CPU.ActiveCfg = Release|Any CPU
		{59009F81-A762-4535-9516-A7D27ADABFA0}.Release|Any CPU.Build.0 = Release|Any CPU
		{766278F9-2208-4C09-BAA3-30CB65F9FCAA}.Debug|Any CPU.ActiveCfg = Debug|Any CPU
		{766278F9-2208-4C09-BAA3-30CB65F9FCAA}.Debug|Any CPU.Build.0 = Debug|Any CPU
		{766278F9-2208-4C09-BAA3-30CB65F9FCAA}.Release|Any CPU.ActiveCfg = Release|Any CPU
		{766278F9-2208-4C09-BAA3-30CB65F9FCAA}.Release|Any CPU.Build.0 = Release|Any CPU
	EndGlobalSection
	GlobalSection(SolutionProperties) = preSolution
		HideSolutionNode = FALSE
	EndGlobalSection
	GlobalSection(NestedProjects) = preSolution
		{828E0E37-2178-4189-A12D-98F8B896CE05} = {09069910-1920-47B2-A3DB-C693E466DC58}
		{FAEDCCE9-8BA2-4E69-9BE3-138A2B9DF1B3} = {09069910-1920-47B2-A3DB-C693E466DC58}
		{CCEC437D-A8FC-418B-AD3D-497A406AE133} = {09069910-1920-47B2-A3DB-C693E466DC58}
		{ABC25C66-CC89-473B-8A40-B7AC27C830A5} = {09069910-1920-47B2-A3DB-C693E466DC58}
		{82EE2AA3-D040-4607-9AC7-C2119DEAC517} = {09069910-1920-47B2-A3DB-C693E466DC58}
		{F7FDFB59-4940-487D-981C-FCAE7A36647B} = {8BDF7529-2C24-4725-956C-5967934119A0}
		{C63E8DCD-BB44-4D8D-A2A1-B1446F78B976} = {13089163-5DAF-4ED6-8612-1600A44C88EE}
		{449A8866-F906-4A3D-84FA-5C3A9EFBA4E9} = {13089163-5DAF-4ED6-8612-1600A44C88EE}
		{E7A22581-08B4-4702-93B4-5F1709473AB2} = {13089163-5DAF-4ED6-8612-1600A44C88EE}
		{59009F81-A762-4535-9516-A7D27ADABFA0} = {13089163-5DAF-4ED6-8612-1600A44C88EE}
		{766278F9-2208-4C09-BAA3-30CB65F9FCAA} = {3A99286B-C753-4DF8-A71C-DBD85724E52A}
	EndGlobalSection
	GlobalSection(ExtensibilityGlobals) = postSolution
		SolutionGuid = {EAB825A5-4C9D-4176-9B0C-5588D288F934}
	EndGlobalSection
EndGlobal
